{
  "name": "jsnumpy",
  "version": "1.1.8",
  "lockfileVersion": 1,
  "requires": true,
  "dependencies": {
    "matrix_deep_clone": {
      "version": "1.0.2",
      "resolved": "https://registry.npmjs.org/matrix_deep_clone/-/matrix_deep_clone-1.0.2.tgz",
      "integrity": "sha1-2S0aTJoigSvn+tdq/99tu7QjH8Q="
    }
  }
}
